
Microsoft Visual Studio Solution File, Format Version 12.00
# Visual Studio Version 17
VisualStudioVersion = 17.14.36203.30 d17.14
MinimumVisualStudioVersion = 10.0.40219.1
Project("{FAE04EC0-301F-11D3-BF4B-00C04F79EFBC}") = "QuizApp.API", "QuizApp.API.csproj", "{531600FB-A6B9-4732-91CF-31BC98E99E01}"
EndProject
Global
	GlobalSection(SolutionConfigurationPlatforms) = preSolution
		Debug|Any CPU = Debug|Any CPU
		Release|Any CPU = Release|Any CPU
	EndGlobalSection
	GlobalSection(ProjectConfigurationPlatforms) = postSolution
		{531600FB-A6B9-4732-91CF-31BC98E99E01}.Debug|Any CPU.ActiveCfg = Debug|Any CPU
		{531600FB-A6B9-4732-91CF-31BC98E99E01}.Debug|Any CPU.Build.0 = Debug|Any CPU
		{531600FB-A6B9-4732-91CF-31BC98E99E01}.Release|Any CPU.ActiveCfg = Release|Any CPU
		{531600FB-A6B9-4732-91CF-31BC98E99E01}.Release|Any CPU.Build.0 = Release|Any CPU
	EndGlobalSection
	GlobalSection(SolutionProperties) = preSolution
		HideSolutionNode = FALSE
	EndGlobalSection
	GlobalSection(ExtensibilityGlobals) = postSolution
		SolutionGuid = {2378FD78-7E5B-41D7-9B5F-FAAE30FBF3C5}
	EndGlobalSection
EndGlobal
